
Microsoft Visual Studio Solution File, Format Version 12.00
# Visual Studio 15
VisualStudioVersion = 15.0.26730.15
MinimumVisualStudioVersion = 10.0.40219.1
Project("{FAE04EC0-301F-11D3-BF4B-00C04F79EFBC}") = "3D_Renderer", "3D_Renderer\3D_Renderer.csproj", "{9AC3F6AA-520C-457D-80C9-AF195AB0CFFA}"
EndProject
Global
	GlobalSection(SolutionConfigurationPlatforms) = preSolution
		Debug|Any CPU = Debug|Any CPU
		Release|Any CPU = Release|Any CPU
	EndGlobalSection
	GlobalSection(ProjectConfigurationPlatforms) = postSolution
		{9AC3F6AA-520C-457D-80C9-AF195AB0CFFA}.Debug|Any CPU.ActiveCfg = Debug|Any CPU
		{9AC3F6AA-520C-457D-80C9-AF195AB0CFFA}.Debug|Any CPU.Build.0 = Debug|Any CPU
		{9AC3F6AA-520C-457D-80C9-AF195AB0CFFA}.Release|Any CPU.ActiveCfg = Release|Any CPU
		{9AC3F6AA-520C-457D-80C9-AF195AB0CFFA}.Release|Any CPU.Build.0 = Release|Any CPU
	EndGlobalSection
	GlobalSection(SolutionProperties) = preSolution
		HideSolutionNode = FALSE
	EndGlobalSection
	GlobalSection(ExtensibilityGlobals) = postSolution
		SolutionGuid = {855B1D2A-43C7-4D26-AF9F-68FB159C05FC}
	EndGlobalSection
EndGlobal
